
Microsoft Visual Studio Solution File, Format Version 12.00
# Visual Studio Version 16
VisualStudioVersion = 16.0.34601.136
MinimumVisualStudioVersion = 10.0.40219.1
Project("{FAE04EC0-301F-11D3-BF4B-00C04F79EFBC}") = "aspnetcore1", "aspnetcore1\aspnetcore1.csproj", "{3B5DFD8F-633C-4B32-B6FA-9B0BC43A9435}"
EndProject
Project("{FAE04EC0-301F-11D3-BF4B-00C04F79EFBC}") = "aspnetcore1-testing", "aspnetcore1-testing\aspnetcore1-testing.csproj", "{1329F1B3-2559-4325-81F1-F9A0E2A246FD}"
EndProject
Global
	GlobalSection(SolutionConfigurationPlatforms) = preSolution
		Debug|Any CPU = Debug|Any CPU
		Release|Any CPU = Release|Any CPU
	EndGlobalSection
	GlobalSection(ProjectConfigurationPlatforms) = postSolution
		{3B5DFD8F-633C-4B32-B6FA-9B0BC43A9435}.Debug|Any CPU.ActiveCfg = Debug|Any CPU
		{3B5DFD8F-633C-4B32-B6FA-9B0BC43A9435}.Debug|Any CPU.Build.0 = Debug|Any CPU
		{3B5DFD8F-633C-4B32-B6FA-9B0BC43A9435}.Release|Any CPU.ActiveCfg = Release|Any CPU
		{3B5DFD8F-633C-4B32-B6FA-9B0BC43A9435}.Release|Any CPU.Build.0 = Release|Any CPU
		{1329F1B3-2559-4325-81F1-F9A0E2A246FD}.Debug|Any CPU.ActiveCfg = Debug|Any CPU
		{1329F1B3-2559-4325-81F1-F9A0E2A246FD}.Debug|Any CPU.Build.0 = Debug|Any CPU
		{1329F1B3-2559-4325-81F1-F9A0E2A246FD}.Release|Any CPU.ActiveCfg = Release|Any CPU
		{1329F1B3-2559-4325-81F1-F9A0E2A246FD}.Release|Any CPU.Build.0 = Release|Any CPU
	EndGlobalSection
	GlobalSection(SolutionProperties) = preSolution
		HideSolutionNode = FALSE
	EndGlobalSection
	GlobalSection(ExtensibilityGlobals) = postSolution
		SolutionGuid = {C31A88EB-9B22-4B6F-A9F2-C235BE6DC30B}
	EndGlobalSection
EndGlobal
